
Microsoft Visual Studio Solution File, Format Version 12.00
# Visual Studio Version 17
VisualStudioVersion = 17.11.35103.136
MinimumVisualStudioVersion = 10.0.40219.1
Project("{8BC9CEB8-8B4A-11D0-8D11-00A0C91BC942}") = "pg-cpp", "pg-cpp.vcxproj", "{83D28FAC-40CD-4F93-A807-20AF5CE212E6}"
EndProject
Global
	GlobalSection(SolutionConfigurationPlatforms) = preSolution
		Debug|x64 = Debug|x64
		Debug|x86 = Debug|x86
		Release|x64 = Release|x64
		Release|x86 = Release|x86
	EndGlobalSection
	GlobalSection(ProjectConfigurationPlatforms) = postSolution
		{83D28FAC-40CD-4F93-A807-20AF5CE212E6}.Debug|x64.ActiveCfg = Debug|x64
		{83D28FAC-40CD-4F93-A807-20AF5CE212E6}.Debug|x64.Build.0 = Debug|x64
		{83D28FAC-40CD-4F93-A807-20AF5CE212E6}.Debug|x86.ActiveCfg = Debug|Win32
		{83D28FAC-40CD-4F93-A807-20AF5CE212E6}.Debug|x86.Build.0 = Debug|Win32
		{83D28FAC-40CD-4F93-A807-20AF5CE212E6}.Release|x64.ActiveCfg = Release|x64
		{83D28FAC-40CD-4F93-A807-20AF5CE212E6}.Release|x64.Build.0 = Release|x64
		{83D28FAC-40CD-4F93-A807-20AF5CE212E6}.Release|x86.ActiveCfg = Release|Win32
		{83D28FAC-40CD-4F93-A807-20AF5CE212E6}.Release|x86.Build.0 = Release|Win32
	EndGlobalSection
	GlobalSection(SolutionProperties) = preSolution
		HideSolutionNode = FALSE
	EndGlobalSection
	GlobalSection(ExtensibilityGlobals) = postSolution
		SolutionGuid = {D85787C6-BD87-4183-A48B-B6C5A7BE969F}
	EndGlobalSection
EndGlobal
